
Microsoft Visual Studio Solution File, Format Version 12.00
# Visual Studio Version 16
VisualStudioVersion = 16.0.31911.196
MinimumVisualStudioVersion = 10.0.40219.1
Project("{2150E333-8FDC-42A3-9474-1A3956D46DE8}") = "Services", "Services", "{15DE742C-B43A-445C-962D-8E40E8FAAC6C}"
EndProject
Project("{2150E333-8FDC-42A3-9474-1A3956D46DE8}") = "BookDetails", "BookDetails", "{99BBA211-373D-46B2-8248-A13871892C9A}"
EndProject
Project("{2150E333-8FDC-42A3-9474-1A3956D46DE8}") = "LoanDetails", "LoanDetails", "{478860D0-6467-466E-A4D8-134C6426334A}"
EndProject
Project("{9A19103F-16F7-4668-BE54-9A1E7A4F7556}") = "DemoGraphQL.API", "Services\BookDetails\DemoGraphQL.API\DemoGraphQL.API.csproj", "{C4C9B0A2-F252-485D-99BD-B877393C946B}"
EndProject
Project("{9A19103F-16F7-4668-BE54-9A1E7A4F7556}") = "DemoGraphQL.Abstraction", "Services\BookDetails\DemoGraphQL.Abstraction\DemoGraphQL.Abstraction.csproj", "{09BD7F4A-1C91-4115-AE56-4BFF7B243125}"
EndProject
Project("{9A19103F-16F7-4668-BE54-9A1E7A4F7556}") = "DemoGraphQL.Core", "Services\BookDetails\DemoGraphQL.Core\DemoGraphQL.Core.csproj", "{102B80FF-2160-4B35-8E6D-7D700CFF1B1B}"
EndProject
Project("{9A19103F-16F7-4668-BE54-9A1E7A4F7556}") = "DemoGraphQL.Infrastructure", "Services\BookDetails\DemoGraphQL.Infrastructure\DemoGraphQL.Infrastructure.csproj", "{B06132C9-B5AD-4159-A59E-049305DA9B06}"
EndProject
Project("{9A19103F-16F7-4668-BE54-9A1E7A4F7556}") = "DemoGraphQLTest.API", "Services\LoanDetails\DemoGraphQLTest.API\DemoGraphQLTest.API.csproj", "{EB5FBABF-AEAD-4A97-A66A-05BDADF8273A}"
EndProject
Project("{9A19103F-16F7-4668-BE54-9A1E7A4F7556}") = "DemoGraphQLTest.Abstraction", "Services\LoanDetails\DemoGraphQLTest.Abstraction\DemoGraphQLTest.Abstraction.csproj", "{881782A4-80F8-4E2C-9211-37C12ED364ED}"
EndProject
Project("{9A19103F-16F7-4668-BE54-9A1E7A4F7556}") = "DemoGraphQLTest.Core", "Services\LoanDetails\DemoGraphQLTest.Core\DemoGraphQLTest.Core.csproj", "{B06B102D-36C5-435E-BF2B-130D436C09D2}"
EndProject
Project("{9A19103F-16F7-4668-BE54-9A1E7A4F7556}") = "DemoGraphQLTest.Infrastructure", "Services\LoanDetails\DemoGraphQLTest.Infrastructure\DemoGraphQLTest.Infrastructure.csproj", "{364B5766-D91C-4F01-8CA0-DDC205747741}"
EndProject
Project("{E53339B2-1760-4266-BCC7-CA923CBCF16C}") = "docker-compose", "docker-compose.dcproj", "{EF3C018B-DD39-4A13-87DF-FB1F0EC74E14}"
EndProject
Global
	GlobalSection(SolutionConfigurationPlatforms) = preSolution
		Debug|Any CPU = Debug|Any CPU
		Release|Any CPU = Release|Any CPU
	EndGlobalSection
	GlobalSection(ProjectConfigurationPlatforms) = postSolution
		{C4C9B0A2-F252-485D-99BD-B877393C946B}.Debug|Any CPU.ActiveCfg = Debug|Any CPU
		{C4C9B0A2-F252-485D-99BD-B877393C946B}.Debug|Any CPU.Build.0 = Debug|Any CPU
		{C4C9B0A2-F252-485D-99BD-B877393C946B}.Release|Any CPU.ActiveCfg = Release|Any CPU
		{C4C9B0A2-F252-485D-99BD-B877393C946B}.Release|Any CPU.Build.0 = Release|Any CPU
		{09BD7F4A-1C91-4115-AE56-4BFF7B243125}.Debug|Any CPU.ActiveCfg = Debug|Any CPU
		{09BD7F4A-1C91-4115-AE56-4BFF7B243125}.Debug|Any CPU.Build.0 = Debug|Any CPU
		{09BD7F4A-1C91-4115-AE56-4BFF7B243125}.Release|Any CPU.ActiveCfg = Release|Any CPU
		{09BD7F4A-1C91-4115-AE56-4BFF7B243125}.Release|Any CPU.Build.0 = Release|Any CPU
		{102B80FF-2160-4B35-8E6D-7D700CFF1B1B}.Debug|Any CPU.ActiveCfg = Debug|Any CPU
		{102B80FF-2160-4B35-8E6D-7D700CFF1B1B}.Debug|Any CPU.Build.0 = Debug|Any CPU
		{102B80FF-2160-4B35-8E6D-7D700CFF1B1B}.Release|Any CPU.ActiveCfg = Release|Any CPU
		{102B80FF-2160-4B35-8E6D-7D700CFF1B1B}.Release|Any CPU.Build.0 = Release|Any CPU
		{B06132C9-B5AD-4159-A59E-049305DA9B06}.Debug|Any CPU.ActiveCfg = Debug|Any CPU
		{B06132C9-B5AD-4159-A59E-049305DA9B06}.Debug|Any CPU.Build.0 = Debug|Any CPU
		{B06132C9-B5AD-4159-A59E-049305DA9B06}.Release|Any CPU.ActiveCfg = Release|Any CPU
		{B06132C9-B5AD-4159-A59E-049305DA9B06}.Release|Any CPU.Build.0 = Release|Any CPU
		{EB5FBABF-AEAD-4A97-A66A-05BDADF8273A}.Debug|Any CPU.ActiveCfg = Debug|Any CPU
		{EB5FBABF-AEAD-4A97-A66A-05BDADF8273A}.Debug|Any CPU.Build.0 = Debug|Any CPU
		{EB5FBABF-AEAD-4A97-A66A-05BDADF8273A}.Release|Any CPU.ActiveCfg = Release|Any CPU
		{EB5FBABF-AEAD-4A97-A66A-05BDADF8273A}.Release|Any CPU.Build.0 = Release|Any CPU
		{881782A4-80F8-4E2C-9211-37C12ED364ED}.Debug|Any CPU.ActiveCfg = Debug|Any CPU
		{881782A4-80F8-4E2C-9211-37C12ED364ED}.Debug|Any CPU.Build.0 = Debug|Any CPU
		{881782A4-80F8-4E2C-9211-37C12ED364ED}.Release|Any CPU.ActiveCfg = Release|Any CPU
		{881782A4-80F8-4E2C-9211-37C12ED364ED}.Release|Any CPU.Build.0 = Release|Any CPU
		{B06B102D-36C5-435E-BF2B-130D436C09D2}.Debug|Any CPU.ActiveCfg = Debug|Any CPU
		{B06B102D-36C5-435E-BF2B-130D436C09D2}.Debug|Any CPU.Build.0 = Debug|Any CPU
		{B06B102D-36C5-435E-BF2B-130D436C09D2}.Release|Any CPU.ActiveCfg = Release|Any CPU
		{B06B102D-36C5-435E-BF2B-130D436C09D2}.Release|Any CPU.Build.0 = Release|Any CPU
		{364B5766-D91C-4F01-8CA0-DDC205747741}.Debug|Any CPU.ActiveCfg = Debug|Any CPU
		{364B5766-D91C-4F01-8CA0-DDC205747741}.Debug|Any CPU.Build.0 = Debug|Any CPU
		{364B5766-D91C-4F01-8CA0-DDC205747741}.Release|Any CPU.ActiveCfg = Release|Any CPU
		{364B5766-D91C-4F01-8CA0-DDC205747741}.Release|Any CPU.Build.0 = Release|Any CPU
		{EF3C018B-DD39-4A13-87DF-FB1F0EC74E14}.Debug|Any CPU.ActiveCfg = Debug|Any CPU
		{EF3C018B-DD39-4A13-87DF-FB1F0EC74E14}.Debug|Any CPU.Build.0 = Debug|Any CPU
		{EF3C018B-DD39-4A13-87DF-FB1F0EC74E14}.Release|Any CPU.ActiveCfg = Release|Any CPU
		{EF3C018B-DD39-4A13-87DF-FB1F0EC74E14}.Release|Any CPU.Build.0 = Release|Any CPU
	EndGlobalSection
	GlobalSection(SolutionProperties) = preSolution
		HideSolutionNode = FALSE
	EndGlobalSection
	GlobalSection(NestedProjects) = preSolution
		{99BBA211-373D-46B2-8248-A13871892C9A} = {15DE742C-B43A-445C-962D-8E40E8FAAC6C}
		{478860D0-6467-466E-A4D8-134C6426334A} = {15DE742C-B43A-445C-962D-8E40E8FAAC6C}
		{C4C9B0A2-F252-485D-99BD-B877393C946B} = {99BBA211-373D-46B2-8248-A13871892C9A}
		{09BD7F4A-1C91-4115-AE56-4BFF7B243125} = {99BBA211-373D-46B2-8248-A13871892C9A}
		{102B80FF-2160-4B35-8E6D-7D700CFF1B1B} = {99BBA211-373D-46B2-8248-A13871892C9A}
		{B06132C9-B5AD-4159-A59E-049305DA9B06} = {99BBA211-373D-46B2-8248-A13871892C9A}
		{EB5FBABF-AEAD-4A97-A66A-05BDADF8273A} = {478860D0-6467-466E-A4D8-134C6426334A}
		{881782A4-80F8-4E2C-9211-37C12ED364ED} = {478860D0-6467-466E-A4D8-134C6426334A}
		{B06B102D-36C5-435E-BF2B-130D436C09D2} = {478860D0-6467-466E-A4D8-134C6426334A}
		{364B5766-D91C-4F01-8CA0-DDC205747741} = {478860D0-6467-466E-A4D8-134C6426334A}
	EndGlobalSection
	GlobalSection(ExtensibilityGlobals) = postSolution
		SolutionGuid = {326AE0CB-AD2E-4C4E-BF09-CFB64D8515C6}
	EndGlobalSection
EndGlobal
